# THIS IS AN AUTOGENERATED FILE. DO NOT EDIT THIS FILE DIRECTLY.
# yarn lockfile v1


"@types/node@*":
  version "20.3.3"
  resolved "https://registry.yarnpkg.com/@types/node/-/node-20.3.3.tgz#329842940042d2b280897150e023e604d11657d6"
  integrity sha512-wheIYdr4NYML61AjC8MKj/2jrR/kDQri/CIpVoZwldwhnIrD/j9jIU5bJ8yBKuB2VhpFV7Ab6G2XkBjv9r9Zzw==

"@types/ws@^8.5.4":
  version "8.5.5"
  resolved "https://registry.yarnpkg.com/@types/ws/-/ws-8.5.5.tgz#af587964aa06682702ee6dcbc7be41a80e4b28eb"
  integrity sha512-lwhs8hktwxSjf9UaZ9tG5M03PGogvFaH8gUgLNbN9HKIg0dvv6q+gkSuJ8HN4/VbyxkuLzCjlN7GquQ0gUJfIg==
  dependencies:
    "@types/node" "*"

switchchat@^3.2.1:
  version "3.2.1"
  resolved "https://registry.yarnpkg.com/switchchat/-/switchchat-3.2.1.tgz#04ba3a1e942d07e2b86068f4df8892d58dcf7440"
  integrity sha512-rYWUnlxa7PGRocs2yePs0TE/sDmoglU/mj4wRbarOmkLUfEH6rL+oLx7P4YTW2YWe9NlGXKpYVUgUhB3X0d1tA==
  dependencies:
    "@types/ws" "^8.5.4"
    ws "^8.12.0"

ws@^8.12.0:
  version "8.13.0"
  resolved "https://registry.yarnpkg.com/ws/-/ws-8.13.0.tgz#9a9fb92f93cf41512a0735c8f4dd09b8a1211cd0"
  integrity sha512-x9vcZYTrFPC7aSIbj7sRCYo7L/Xb8Iy+pW0ng0wt2vCJv7M9HOMy0UoN3rr+IFC7hb7vXoqS+P9ktyLLLhO+LA==
